// !$*UTF8*$!
{
	archiveVersion = 1;
	classes = {
	};
	objectVersion = 50;
	objects = {

/* Begin PBXBuildFile section */
		66AE468925B355D500C6BDBE /* AppDelegate.swift in Sources */ = {isa = PBXBuildFile; fileRef = 66AE468825B355D500C6BDBE /* AppDelegate.swift */; };
		66AE468B25B355D500C6BDBE /* SceneDelegate.swift in Sources */ = {isa = PBXBuildFile; fileRef = 66AE468A25B355D500C6BDBE /* SceneDelegate.swift */; };
		66AE469025B355D500C6BDBE /* Main.storyboard in Resources */ = {isa = PBXBuildFile; fileRef = 66AE468E25B355D500C6BDBE /* Main.storyboard */; };
		66AE469225B355D800C6BDBE /* Assets.xcassets in Resources */ = {isa = PBXBuildFile; fileRef = 66AE469125B355D800C6BDBE /* Assets.xcassets */; };
		66AE469525B355D800C6BDBE /* LaunchScreen.storyboard in Resources */ = {isa = PBXBuildFile; fileRef = 66AE469325B355D800C6BDBE /* LaunchScreen.storyboard */; };
		66EE37DB25B4603000218188 /* ViewController.swift in Sources */ = {isa = PBXBuildFile; fileRef = 66EE37DA25B4603000218188 /* ViewController.swift */; };
/* End PBXBuildFile section */

/* Begin PBXFileReference section */
		66AE468525B355D500C6BDBE /* GeekBrainsUILesson.app */ = {isa = PBXFileReference; explicitFileType = wrapper.application; includeInIndex = 0; path = GeekBrainsUILesson.app; sourceTree = BUILT_PRODUCTS_DIR; };
		66AE468825B355D500C6BDBE /* AppDelegate.swift */ = {isa = PBXFileReference; lastKnownFileType = sourcecode.swift; path = AppDelegate.swift; sourceTree = "<group>"; };
		66AE468A25B355D500C6BDBE /* SceneDelegate.swift */ = {isa = PBXFileReference; lastKnownFileType = sourcecode.swift; path = SceneDelegate.swift; sourceTree = "<group>"; };
		66AE468F25B355D500C6BDBE /* Base */ = {isa = PBXFileReference; lastKnownFileType = file.storyboard; name = Base; path = Base.lproj/Main.storyboard; sourceTree = "<group>"; };
		66AE469125B355D800C6BDBE /* Assets.xcassets */ = {isa = PBXFileReference; lastKnownFileType = folder.assetcatalog; path = Assets.xcassets; sourceTree = "<group>"; };
		66AE469425B355D800C6BDBE /* Base */ = {isa = PBXFileReference; lastKnownFileType = file.storyboard; name = Base; path = Base.lproj/LaunchScreen.storyboard; sourceTree = "<group>"; };
		66AE469625B355D800C6BDBE /* Info.plist */ = {isa = PBXFileReference; lastKnownFileType = text.plist.xml; path = Info.plist; sourceTree = "<group>"; };
		66EE37DA25B4603000218188 /* ViewController.swift */ = {isa = PBXFileReference; lastKnownFileType = sourcecode.swift; path = ViewController.swift; sourceTree = "<group>"; };
/* End PBXFileReference section */

/* Begin PBXFrameworksBuildPhase section */
		66AE468225B355D500C6BDBE /* Frameworks */ = {
			isa = PBXFrameworksBuildPhase;
			buildActionMask = 2147483647;
			files = (
			);
			runOnlyForDeploymentPostprocessing = 0;
		};
/* End PBXFrameworksBuildPhase section */

/* Begin PBXGroup section */
		66AE467C25B355D500C6BDBE = {
			isa = PBXGroup;
			children = (
				66AE468725B355D500C6BDBE /* GeekBrainsUILesson */,
				66AE468625B355D500C6BDBE /* Products */,
			);
			sourceTree = "<group>";
		};
		66AE468625B355D500C6BDBE /* Products */ = {
			isa = PBXGroup;
			children = (
				66AE468525B355D500C6BDBE /* GeekBrainsUILesson.app */,
			);
			name = Products;
			sourceTree = "<group>";
		};
		66AE468725B355D500C6BDBE /* GeekBrainsUILesson */ = {
			isa = PBXGroup;
			children = (
				66AE468825B355D500C6BDBE /* AppDelegate.swift */,
				66AE468A25B355D500C6BDBE /* SceneDelegate.swift */,
				66AE468E25B355D500C6BDBE /* Main.storyboard */,
				66AE469125B355D800C6BDBE /* Assets.xcassets */,
				66AE469325B355D800C6BDBE /* LaunchScreen.storyboard */,
				66AE469625B355D800C6BDBE /* Info.plist */,
				66EE37DA25B4603000218188 /* ViewController.swift */,
			);
			path = GeekBrainsUILesson;
			sourceTree = "<group>";
		};
/* End PBXGroup section */

/* Begin PBXNativeTarget section */
		66AE468425B355D500C6BDBE /* GeekBrainsUILesson */ = {
			isa = PBXNativeTarget;
			buildConfigurationList = 66AE469925B355D800C6BDBE /* Build configuration list for PBXNativeTarget "GeekBrainsUILesson" */;
			buildPhases = (
				66AE468125B355D500C6BDBE /* Sources */,
				66AE468225B355D500C6BDBE /* Frameworks */,
				66AE468325B355D500C6BDBE /* Resources */,
			);
			buildRules = (
			);
			dependencies = (
			);
			name = GeekBrainsUILesson;
			productName = GeekBrainsUILesson;
			productReference = 66AE468525B355D500C6BDBE /* GeekBrainsUILesson.app */;
			productType = "com.apple.product-type.application";
		};
/* End PBXNativeTarget section */

/* Begin PBXProject section */
		66AE467D25B355D500C6BDBE /* Project object */ = {
			isa = PBXProject;
			attributes = {
				LastSwiftUpdateCheck = 1230;
				LastUpgradeCheck = 1230;
				TargetAttributes = {
					66AE468425B355D500C6BDBE = {
						CreatedOnToolsVersion = 12.3;
					};
				};
			};
			buildConfigurationList = 66AE468025B355D500C6BDBE /* Build configuration list for PBXProject "GeekBrainsUILesson" */;
			compatibilityVersion = "Xcode 9.3";
			developmentRegion = en;
			hasScannedForEncodings = 0;
			knownRegions = (
				en,
				Base,
			);
			mainGroup = 66AE467C25B355D500C6BDBE;
			productRefGroup = 66AE468625B355D500C6BDBE /* Products */;
			projectDirPath = "";
			projectRoot = "";
			targets = (
				66AE468425B355D500C6BDBE /* GeekBrainsUILesson */,
			);
		};
/* End PBXProject section */

/* Begin PBXResourcesBuildPhase section */
		66AE468325B355D500C6BDBE /* Resources */ = {
			isa = PBXResourcesBuildPhase;
			buildActionMask = 2147483647;
			files = (
				66AE469525B355D800C6BDBE /* LaunchScreen.storyboard in Resources */,
				66AE469225B355D800C6BDBE /* Assets.xcassets in Resources */,
				66AE469025B355D500C6BDBE /* Main.storyboard in Resources */,
			);
			runOnlyForDeploymentPostprocessing = 0;
		};
/* End PBXResourcesBuildPhase section */

/* Begin PBXSourcesBuildPhase section */
		66AE468125B355D500C6BDBE /* Sources */ = {
			isa = PBXSourcesBuildPhase;
			buildActionMask = 2147483647;
			files = (
				66EE37DB25B4603000218188 /* ViewController.swift in Sources */,
				66AE468925B355D500C6BDBE /* AppDelegate.swift in Sources */,
				66AE468B25B355D500C6BDBE /* SceneDelegate.swift in Sources */,
			);
			runOnlyForDeploymentPostprocessing = 0;
		};
/* End PBXSourcesBuildPhase section */

/* Begin PBXVariantGroup section */
		66AE468E25B355D500C6BDBE /* Main.storyboard */ = {
			isa = PBXVariantGroup;
			children = (
				66AE468F25B355D500C6BDBE /* Base */,
			);
			name = Main.storyboard;
			sourceTree = "<group>";
		};
		66AE469325B355D800C6BDBE /* LaunchScreen.storyboard */ = {
			isa = PBXVariantGroup;
			children = (
				66AE469425B355D800C6BDBE /* Base */,
			);
			name = LaunchScreen.storyboard;
			sourceTree = "<group>";
		};
/* End PBXVariantGroup section */

/* Begin XCBuildConfiguration section */
		66AE469725B355D800C6BDBE /* Debug */ = {
			isa = XCBuildConfiguration;
			buildSettings = {
				ALWAYS_SEARCH_USER_PATHS = NO;
				CLANG_ANALYZER_NONNULL = YES;
				CLANG_ANALYZER_NUMBER_OBJECT_CONVERSION = YES_AGGRESSIVE;
				CLANG_CXX_LANGUAGE_STANDARD = "gnu++14";
				CLANG_CXX_LIBRARY = "libc++";
				CLANG_ENABLE_MODULES = YES;
				CLANG_ENABLE_OBJC_ARC = YES;
				CLANG_ENABLE_OBJC_WEAK = YES;
				CLANG_WARN_BLOCK_CAPTURE_AUTORELEASING = YES;
				CLANG_WARN_BOOL_CONVERSION = YES;
				CLANG_WARN_COMMA = YES;
				CLANG_WARN_CONSTANT_CONVERSION = YES;
				CLANG_WARN_DEPRECATED_OBJC_IMPLEMENTATIONS = YES;
				CLANG_WARN_DIRECT_OBJC_ISA_USAGE = YES_ERROR;
				CLANG_WARN_DOCUMENTATION_COMMENTS = YES;
				CLANG_WARN_EMPTY_BODY = YES;
				CLANG_WARN_ENUM_CONVERSION = YES;
				CLANG_WARN_INFINITE_RECURSION = YES;
				CLANG_WARN_INT_CONVERSION = YES;
				CLANG_WARN_NON_LITERAL_NULL_CONVERSION = YES;
				CLANG_WARN_OBJC_IMPLICIT_RETAIN_SELF = YES;
				CLANG_WARN_OBJC_LITERAL_CONVERSION = YES;
				CLANG_WARN_OBJC_ROOT_CLASS = YES_ERROR;
				CLANG_WARN_QUOTED_INCLUDE_IN_FRAMEWORK_HEADER = YES;
				CLANG_WARN_RANGE_LOOP_ANALYSIS = YES;
				CLANG_WARN_STRICT_PROTOTYPES = YES;
				CLANG_WARN_SUSPICIOUS_MOVE = YES;
				CLANG_WARN_UNGUARDED_AVAILABILITY = YES_AGGRESSIVE;
				CLANG_WARN_UNREACHABLE_CODE = YES;
				CLANG_WARN__DUPLICATE_METHOD_MATCH = YES;
				COPY_PHASE_STRIP = NO;
				DEBUG_INFORMATION_FORMAT = dwarf;
				ENABLE_STRICT_OBJC_MSGSEND = YES;
				ENABLE_TESTABILITY = YES;
				GCC_C_LANGUAGE_STANDARD = gnu11;
				GCC_DYNAMIC_NO_PIC = NO;
				GCC_NO_COMMON_BLOCKS = YES;
				GCC_OPTIMIZATION_LEVEL = 0;
				GCC_PREPROCESSOR_DEFINITIONS = (
					"DEBUG=1",
					"$(inherited)",
				);
				GCC_WARN_64_TO_32_BIT_CONVERSION = YES;
				GCC_WARN_ABOUT_RETURN_TYPE = YES_ERROR;
				GCC_WARN_UNDECLARED_SELECTOR = YES;
				GCC_WARN_UNINITIALIZED_AUTOS = YES_AGGRESSIVE;
				GCC_WARN_UNUSED_FUNCTION = YES;
				GCC_WARN_UNUSED_VARIABLE = YES;
				IPHONEOS_DEPLOYMENT_TARGET = 14.3;
				MTL_ENABLE_DEBUG_INFO = INCLUDE_SOURCE;
				MTL_FAST_MATH = YES;
				ONLY_ACTIVE_ARCH = YES;
				SDKROOT = iphoneos;
				SWIFT_ACTIVE_COMPILATION_CONDITIONS = DEBUG;
				SWIFT_OPTIMIZATION_LEVEL = "-Onone";
			};
			name = Debug;
		};
		66AE469825B355D800C6BDBE /* Release */ = {
			isa = XCBuildConfiguration;
			buildSettings = {
				ALWAYS_SEARCH_USER_PATHS = NO;
				CLANG_ANALYZER_NONNULL = YES;
				CLANG_ANALYZER_NUMBER_OBJECT_CONVERSION = YES_AGGRESSIVE;
				CLANG_CXX_LANGUAGE_STANDARD = "gnu++14";
				CLANG_CXX_LIBRARY = "libc++";
				CLANG_ENABLE_MODULES = YES;
				CLANG_ENABLE_OBJC_ARC = YES;
				CLANG_ENABLE_OBJC_WEAK = YES;
				CLANG_WARN_BLOCK_CAPTURE_AUTORELEASING = YES;
				CLANG_WARN_BOOL_CONVERSION = YES;
				CLANG_WARN_COMMA = YES;
				CLANG_WARN_CONSTANT_CONVERSION = YES;
				CLANG_WARN_DEPRECATED_OBJC_IMPLEMENTATIONS = YES;
				CLANG_WARN_DIRECT_OBJC_ISA_USAGE = YES_ERROR;
				CLANG_WARN_DOCUMENTATION_COMMENTS = YES;
				CLANG_WARN_EMPTY_BODY = YES;
				CLANG_WARN_ENUM_CONVERSION = YES;
				CLANG_WARN_INFINITE_RECURSION = YES;
				CLANG_WARN_INT_CONVERSION = YES;
				CLANG_WARN_NON_LITERAL_NULL_CONVERSION = YES;
				CLANG_WARN_OBJC_IMPLICIT_RETAIN_SELF = YES;
				CLANG_WARN_OBJC_LITERAL_CONVERSION = YES;
				CLANG_WARN_OBJC_ROOT_CLASS = YES_ERROR;
				CLANG_WARN_QUOTED_INCLUDE_IN_FRAMEWORK_HEADER = YES;
				CLANG_WARN_RANGE_LOOP_ANALYSIS = YES;
				CLANG_WARN_STRICT_PROTOTYPES = YES;
				CLANG_WARN_SUSPICIOUS_MOVE = YES;
				CLANG_WARN_UNGUARDED_AVAILABILITY = YES_AGGRESSIVE;
				CLANG_WARN_UNREACHABLE_CODE = YES;
				CLANG_WARN__DUPLICATE_METHOD_MATCH = YES;
				COPY_PHASE_STRIP = NO;
				DEBUG_INFORMATION_FORMAT = "dwarf-with-dsym";
				ENABLE_NS_ASSERTIONS = NO;
				ENABLE_STRICT_OBJC_MSGSEND = YES;
				GCC_C_LANGUAGE_STANDARD = gnu11;
				GCC_NO_COMMON_BLOCKS = YES;
				GCC_WARN_64_TO_32_BIT_CONVERSION = YES;
				GCC_WARN_ABOUT_RETURN_TYPE = YES_ERROR;
				GCC_WARN_UNDECLARED_SELECTOR = YES;
				GCC_WARN_UNINITIALIZED_AUTOS = YES_AGGRESSIVE;
				GCC_WARN_UNUSED_FUNCTION = YES;
				GCC_WARN_UNUSED_VARIABLE = YES;
				IPHONEOS_DEPLOYMENT_TARGET = 14.3;
				MTL_ENABLE_DEBUG_INFO = NO;
				MTL_FAST_MATH = YES;
				SDKROOT = iphoneos;
				SWIFT_COMPILATION_MODE = wholemodule;
				SWIFT_OPTIMIZATION_LEVEL = "-O";
				VALIDATE_PRODUCT = YES;
			};
			name = Release;
		};
		66AE469A25B355D800C6BDBE /* Debug */ = {
			isa = XCBuildConfiguration;
			buildSettings = {
				ASSETCATALOG_COMPILER_APPICON_NAME = AppIcon;
				ASSETCATALOG_COMPILER_GLOBAL_ACCENT_COLOR_NAME = AccentColor;
				CODE_SIGN_STYLE = Automatic;
				DEVELOPMENT_TEAM = G226G5BWAV;
				INFOPLIST_FILE = GeekBrainsUILesson/Info.plist;
				LD_RUNPATH_SEARCH_PATHS = (
					"$(inherited)",
					"@executable_path/Frameworks",
				);
				PRODUCT_BUNDLE_IDENTIFIER = sitnikov.GeekBrainsUILesson;
				PRODUCT_NAME = "$(TARGET_NAME)";
				SWIFT_VERSION = 5.0;
				TARGETED_DEVICE_FAMILY = "1,2";
			};
			name = Debug;
		};
		66AE469B25B355D800C6BDBE /* Release */ = {
			isa = XCBuildConfiguration;
			buildSettings = {
				ASSETCATALOG_COMPILER_APPICON_NAME = AppIcon;
				ASSETCATALOG_COMPILER_GLOBAL_ACCENT_COLOR_NAME = AccentColor;
				CODE_SIGN_STYLE = Automatic;
				DEVELOPMENT_TEAM = G226G5BWAV;
				INFOPLIST_FILE = GeekBrainsUILesson/Info.plist;
				LD_RUNPATH_SEARCH_PATHS = (
					"$(inherited)",
					"@executable_path/Frameworks",
				);
				PRODUCT_BUNDLE_IDENTIFIER = sitnikov.GeekBrainsUILesson;
				PRODUCT_NAME = "$(TARGET_NAME)";
				SWIFT_VERSION = 5.0;
				TARGETED_DEVICE_FAMILY = "1,2";
			};
			name = Release;
		};
/* End XCBuildConfiguration section */

/* Begin XCConfigurationList section */
		66AE468025B355D500C6BDBE /* Build configuration list for PBXProject "GeekBrainsUILesson" */ = {
			isa = XCConfigurationList;
			buildConfigurations = (
				66AE469725B355D800C6BDBE /* Debug */,
				66AE469825B355D800C6BDBE /* Release */,
			);
			defaultConfigurationIsVisible = 0;
			defaultConfigurationName = Release;
		};
		66AE469925B355D800C6BDBE /* Build configuration list for PBXNativeTarget "GeekBrainsUILesson" */ = {
			isa = XCConfigurationList;
			buildConfigurations = (
				66AE469A25B355D800C6BDBE /* Debug */,
				66AE469B25B355D800C6BDBE /* Release */,
			);
			defaultConfigurationIsVisible = 0;
			defaultConfigurationName = Release;
		};
/* End XCConfigurationList section */
	};
	rootObject = 66AE467D25B355D500C6BDBE /* Project object */;
}
