// !$*UTF8*$!
{
	archiveVersion = 1;
	classes = {
	};
	objectVersion = 50;
	objects = {

/* Begin PBXBuildFile section */
		66EE384025BF248700218188 /* SceneDelegate.swift in Sources */ = {isa = PBXBuildFile; fileRef = 66EE383725BF248600218188 /* SceneDelegate.swift */; };
		66EE384125BF248700218188 /* AppDelegate.swift in Sources */ = {isa = PBXBuildFile; fileRef = 66EE383825BF248600218188 /* AppDelegate.swift */; };
		66EE384225BF248700218188 /* ViewController.swift in Sources */ = {isa = PBXBuildFile; fileRef = 66EE383925BF248600218188 /* ViewController.swift */; };
		66EE384825BF256600218188 /* FriendsViewController.swift in Sources */ = {isa = PBXBuildFile; fileRef = 66EE384725BF256600218188 /* FriendsViewController.swift */; };
		66EE384B25BF258000218188 /* FriendViewCell.swift in Sources */ = {isa = PBXBuildFile; fileRef = 66EE384A25BF258000218188 /* FriendViewCell.swift */; };
		66EE385725BF28AC00218188 /* Assets.xcassets in Resources */ = {isa = PBXBuildFile; fileRef = 66EE383B25BF248600218188 /* Assets.xcassets */; };
		66EE385C25BF28F700218188 /* LaunchScreen.storyboard in Resources */ = {isa = PBXBuildFile; fileRef = 66EE385925BF28D200218188 /* LaunchScreen.storyboard */; };
		66EE385D25BF28F700218188 /* Main.storyboard in Resources */ = {isa = PBXBuildFile; fileRef = 66EE385A25BF28D300218188 /* Main.storyboard */; };
		66EE386125BF293300218188 /* MyGroupViewCell.swift in Sources */ = {isa = PBXBuildFile; fileRef = 66EE386025BF293300218188 /* MyGroupViewCell.swift */; };
		66EE386225BF293300218188 /* MyGroupsViewController.swift in Sources */ = {isa = PBXBuildFile; fileRef = 66EE385F25BF293200218188 /* MyGroupsViewController.swift */; };
		66EE386825C1D0F800218188 /* NewGroupeViewController.swift in Sources */ = {isa = PBXBuildFile; fileRef = 66EE386725C1D0F800218188 /* NewGroupeViewController.swift */; };
		66EE386B25C1D11500218188 /* NewGroupeViewCell.swift in Sources */ = {isa = PBXBuildFile; fileRef = 66EE386A25C1D11500218188 /* NewGroupeViewCell.swift */; };
		66EE387025C1FD8800218188 /* User.swift in Sources */ = {isa = PBXBuildFile; fileRef = 66EE386F25C1FD8800218188 /* User.swift */; };
		66EE387325C1FE2F00218188 /* Group.swift in Sources */ = {isa = PBXBuildFile; fileRef = 66EE387225C1FE2F00218188 /* Group.swift */; };
/* End PBXBuildFile section */

/* Begin PBXFileReference section */
		66AE468525B355D500C6BDBE /* GeekBrainsUILesson.app */ = {isa = PBXFileReference; explicitFileType = wrapper.application; includeInIndex = 0; path = GeekBrainsUILesson.app; sourceTree = BUILT_PRODUCTS_DIR; };
		66EE383325BF248400218188 /* GeekBrainsUILesson-Bridging-Header.h */ = {isa = PBXFileReference; lastKnownFileType = sourcecode.c.h; path = "GeekBrainsUILesson-Bridging-Header.h"; sourceTree = "<group>"; };
		66EE383725BF248600218188 /* SceneDelegate.swift */ = {isa = PBXFileReference; fileEncoding = 4; lastKnownFileType = sourcecode.swift; path = SceneDelegate.swift; sourceTree = "<group>"; };
		66EE383825BF248600218188 /* AppDelegate.swift */ = {isa = PBXFileReference; fileEncoding = 4; lastKnownFileType = sourcecode.swift; path = AppDelegate.swift; sourceTree = "<group>"; };
		66EE383925BF248600218188 /* ViewController.swift */ = {isa = PBXFileReference; fileEncoding = 4; lastKnownFileType = sourcecode.swift; path = ViewController.swift; sourceTree = "<group>"; };
		66EE383B25BF248600218188 /* Assets.xcassets */ = {isa = PBXFileReference; lastKnownFileType = folder.assetcatalog; path = Assets.xcassets; sourceTree = "<group>"; };
		66EE384725BF256600218188 /* FriendsViewController.swift */ = {isa = PBXFileReference; lastKnownFileType = sourcecode.swift; path = FriendsViewController.swift; sourceTree = "<group>"; };
		66EE384A25BF258000218188 /* FriendViewCell.swift */ = {isa = PBXFileReference; lastKnownFileType = sourcecode.swift; path = FriendViewCell.swift; sourceTree = "<group>"; };
		66EE385225BF27D800218188 /* Info.plist */ = {isa = PBXFileReference; fileEncoding = 4; lastKnownFileType = text.plist.xml; path = Info.plist; sourceTree = "<group>"; };
		66EE385925BF28D200218188 /* LaunchScreen.storyboard */ = {isa = PBXFileReference; lastKnownFileType = file.storyboard; path = LaunchScreen.storyboard; sourceTree = "<group>"; };
		66EE385A25BF28D300218188 /* Main.storyboard */ = {isa = PBXFileReference; lastKnownFileType = file.storyboard; path = Main.storyboard; sourceTree = "<group>"; };
		66EE385F25BF293200218188 /* MyGroupsViewController.swift */ = {isa = PBXFileReference; lastKnownFileType = sourcecode.swift; path = MyGroupsViewController.swift; sourceTree = "<group>"; };
		66EE386025BF293300218188 /* MyGroupViewCell.swift */ = {isa = PBXFileReference; lastKnownFileType = sourcecode.swift; path = MyGroupViewCell.swift; sourceTree = "<group>"; };
		66EE386725C1D0F800218188 /* NewGroupeViewController.swift */ = {isa = PBXFileReference; lastKnownFileType = sourcecode.swift; path = NewGroupeViewController.swift; sourceTree = "<group>"; };
		66EE386A25C1D11500218188 /* NewGroupeViewCell.swift */ = {isa = PBXFileReference; lastKnownFileType = sourcecode.swift; path = NewGroupeViewCell.swift; sourceTree = "<group>"; };
		66EE386F25C1FD8800218188 /* User.swift */ = {isa = PBXFileReference; lastKnownFileType = sourcecode.swift; path = User.swift; sourceTree = "<group>"; };
		66EE387225C1FE2F00218188 /* Group.swift */ = {isa = PBXFileReference; lastKnownFileType = sourcecode.swift; path = Group.swift; sourceTree = "<group>"; };
/* End PBXFileReference section */

/* Begin PBXFrameworksBuildPhase section */
		66AE468225B355D500C6BDBE /* Frameworks */ = {
			isa = PBXFrameworksBuildPhase;
			buildActionMask = 2147483647;
			files = (
			);
			runOnlyForDeploymentPostprocessing = 0;
		};
/* End PBXFrameworksBuildPhase section */

/* Begin PBXGroup section */
		66AE467C25B355D500C6BDBE = {
			isa = PBXGroup;
			children = (
				66AE468725B355D500C6BDBE /* GeekBrainsUILesson */,
				66AE468625B355D500C6BDBE /* Products */,
			);
			sourceTree = "<group>";
		};
		66AE468625B355D500C6BDBE /* Products */ = {
			isa = PBXGroup;
			children = (
				66AE468525B355D500C6BDBE /* GeekBrainsUILesson.app */,
			);
			name = Products;
			sourceTree = "<group>";
		};
		66AE468725B355D500C6BDBE /* GeekBrainsUILesson */ = {
			isa = PBXGroup;
			children = (
				66EE386E25C1FD6300218188 /* Model */,
				66EE386425BF295E00218188 /* Groups */,
				66EE384E25BF258D00218188 /* Friends */,
				66EE383825BF248600218188 /* AppDelegate.swift */,
				66EE383B25BF248600218188 /* Assets.xcassets */,
				66EE383725BF248600218188 /* SceneDelegate.swift */,
				66EE385925BF28D200218188 /* LaunchScreen.storyboard */,
				66EE385A25BF28D300218188 /* Main.storyboard */,
				66EE383925BF248600218188 /* ViewController.swift */,
				66EE385225BF27D800218188 /* Info.plist */,
				66EE383325BF248400218188 /* GeekBrainsUILesson-Bridging-Header.h */,
			);
			path = GeekBrainsUILesson;
			sourceTree = "<group>";
		};
		66EE384E25BF258D00218188 /* Friends */ = {
			isa = PBXGroup;
			children = (
				66EE384A25BF258000218188 /* FriendViewCell.swift */,
				66EE384725BF256600218188 /* FriendsViewController.swift */,
			);
			path = Friends;
			sourceTree = "<group>";
		};
		66EE386425BF295E00218188 /* Groups */ = {
			isa = PBXGroup;
			children = (
				66EE385F25BF293200218188 /* MyGroupsViewController.swift */,
				66EE386025BF293300218188 /* MyGroupViewCell.swift */,
				66EE386725C1D0F800218188 /* NewGroupeViewController.swift */,
				66EE386A25C1D11500218188 /* NewGroupeViewCell.swift */,
			);
			path = Groups;
			sourceTree = "<group>";
		};
		66EE386E25C1FD6300218188 /* Model */ = {
			isa = PBXGroup;
			children = (
				66EE386F25C1FD8800218188 /* User.swift */,
				66EE387225C1FE2F00218188 /* Group.swift */,
			);
			path = Model;
			sourceTree = "<group>";
		};
/* End PBXGroup section */

/* Begin PBXNativeTarget section */
		66AE468425B355D500C6BDBE /* GeekBrainsUILesson */ = {
			isa = PBXNativeTarget;
			buildConfigurationList = 66AE469925B355D800C6BDBE /* Build configuration list for PBXNativeTarget "GeekBrainsUILesson" */;
			buildPhases = (
				66AE468125B355D500C6BDBE /* Sources */,
				66AE468225B355D500C6BDBE /* Frameworks */,
				66AE468325B355D500C6BDBE /* Resources */,
			);
			buildRules = (
			);
			dependencies = (
			);
			name = GeekBrainsUILesson;
			productName = GeekBrainsUILesson;
			productReference = 66AE468525B355D500C6BDBE /* GeekBrainsUILesson.app */;
			productType = "com.apple.product-type.application";
		};
/* End PBXNativeTarget section */

/* Begin PBXProject section */
		66AE467D25B355D500C6BDBE /* Project object */ = {
			isa = PBXProject;
			attributes = {
				LastSwiftUpdateCheck = 1230;
				LastUpgradeCheck = 1230;
				TargetAttributes = {
					66AE468425B355D500C6BDBE = {
						CreatedOnToolsVersion = 12.3;
						LastSwiftMigration = 1230;
					};
				};
			};
			buildConfigurationList = 66AE468025B355D500C6BDBE /* Build configuration list for PBXProject "GeekBrainsUILesson" */;
			compatibilityVersion = "Xcode 9.3";
			developmentRegion = en;
			hasScannedForEncodings = 0;
			knownRegions = (
				en,
				Base,
			);
			mainGroup = 66AE467C25B355D500C6BDBE;
			productRefGroup = 66AE468625B355D500C6BDBE /* Products */;
			projectDirPath = "";
			projectRoot = "";
			targets = (
				66AE468425B355D500C6BDBE /* GeekBrainsUILesson */,
			);
		};
/* End PBXProject section */

/* Begin PBXResourcesBuildPhase section */
		66AE468325B355D500C6BDBE /* Resources */ = {
			isa = PBXResourcesBuildPhase;
			buildActionMask = 2147483647;
			files = (
				66EE385C25BF28F700218188 /* LaunchScreen.storyboard in Resources */,
				66EE385D25BF28F700218188 /* Main.storyboard in Resources */,
				66EE385725BF28AC00218188 /* Assets.xcassets in Resources */,
			);
			runOnlyForDeploymentPostprocessing = 0;
		};
/* End PBXResourcesBuildPhase section */

/* Begin PBXSourcesBuildPhase section */
		66AE468125B355D500C6BDBE /* Sources */ = {
			isa = PBXSourcesBuildPhase;
			buildActionMask = 2147483647;
			files = (
				66EE387325C1FE2F00218188 /* Group.swift in Sources */,
				66EE386225BF293300218188 /* MyGroupsViewController.swift in Sources */,
				66EE384825BF256600218188 /* FriendsViewController.swift in Sources */,
				66EE386B25C1D11500218188 /* NewGroupeViewCell.swift in Sources */,
				66EE384225BF248700218188 /* ViewController.swift in Sources */,
				66EE386825C1D0F800218188 /* NewGroupeViewController.swift in Sources */,
				66EE386125BF293300218188 /* MyGroupViewCell.swift in Sources */,
				66EE384B25BF258000218188 /* FriendViewCell.swift in Sources */,
				66EE384125BF248700218188 /* AppDelegate.swift in Sources */,
				66EE387025C1FD8800218188 /* User.swift in Sources */,
				66EE384025BF248700218188 /* SceneDelegate.swift in Sources */,
			);
			runOnlyForDeploymentPostprocessing = 0;
		};
/* End PBXSourcesBuildPhase section */

/* Begin XCBuildConfiguration section */
		66AE469725B355D800C6BDBE /* Debug */ = {
			isa = XCBuildConfiguration;
			buildSettings = {
				ALWAYS_SEARCH_USER_PATHS = NO;
				CLANG_ANALYZER_NONNULL = YES;
				CLANG_ANALYZER_NUMBER_OBJECT_CONVERSION = YES_AGGRESSIVE;
				CLANG_CXX_LANGUAGE_STANDARD = "gnu++14";
				CLANG_CXX_LIBRARY = "libc++";
				CLANG_ENABLE_MODULES = YES;
				CLANG_ENABLE_OBJC_ARC = YES;
				CLANG_ENABLE_OBJC_WEAK = YES;
				CLANG_WARN_BLOCK_CAPTURE_AUTORELEASING = YES;
				CLANG_WARN_BOOL_CONVERSION = YES;
				CLANG_WARN_COMMA = YES;
				CLANG_WARN_CONSTANT_CONVERSION = YES;
				CLANG_WARN_DEPRECATED_OBJC_IMPLEMENTATIONS = YES;
				CLANG_WARN_DIRECT_OBJC_ISA_USAGE = YES_ERROR;
				CLANG_WARN_DOCUMENTATION_COMMENTS = YES;
				CLANG_WARN_EMPTY_BODY = YES;
				CLANG_WARN_ENUM_CONVERSION = YES;
				CLANG_WARN_INFINITE_RECURSION = YES;
				CLANG_WARN_INT_CONVERSION = YES;
				CLANG_WARN_NON_LITERAL_NULL_CONVERSION = YES;
				CLANG_WARN_OBJC_IMPLICIT_RETAIN_SELF = YES;
				CLANG_WARN_OBJC_LITERAL_CONVERSION = YES;
				CLANG_WARN_OBJC_ROOT_CLASS = YES_ERROR;
				CLANG_WARN_QUOTED_INCLUDE_IN_FRAMEWORK_HEADER = YES;
				CLANG_WARN_RANGE_LOOP_ANALYSIS = YES;
				CLANG_WARN_STRICT_PROTOTYPES = YES;
				CLANG_WARN_SUSPICIOUS_MOVE = YES;
				CLANG_WARN_UNGUARDED_AVAILABILITY = YES_AGGRESSIVE;
				CLANG_WARN_UNREACHABLE_CODE = YES;
				CLANG_WARN__DUPLICATE_METHOD_MATCH = YES;
				COPY_PHASE_STRIP = NO;
				DEBUG_INFORMATION_FORMAT = dwarf;
				ENABLE_STRICT_OBJC_MSGSEND = YES;
				ENABLE_TESTABILITY = YES;
				GCC_C_LANGUAGE_STANDARD = gnu11;
				GCC_DYNAMIC_NO_PIC = NO;
				GCC_NO_COMMON_BLOCKS = YES;
				GCC_OPTIMIZATION_LEVEL = 0;
				GCC_PREPROCESSOR_DEFINITIONS = (
					"DEBUG=1",
					"$(inherited)",
				);
				GCC_WARN_64_TO_32_BIT_CONVERSION = YES;
				GCC_WARN_ABOUT_RETURN_TYPE = YES_ERROR;
				GCC_WARN_UNDECLARED_SELECTOR = YES;
				GCC_WARN_UNINITIALIZED_AUTOS = YES_AGGRESSIVE;
				GCC_WARN_UNUSED_FUNCTION = YES;
				GCC_WARN_UNUSED_VARIABLE = YES;
				IPHONEOS_DEPLOYMENT_TARGET = 14.3;
				MTL_ENABLE_DEBUG_INFO = INCLUDE_SOURCE;
				MTL_FAST_MATH = YES;
				ONLY_ACTIVE_ARCH = YES;
				SDKROOT = iphoneos;
				SWIFT_ACTIVE_COMPILATION_CONDITIONS = DEBUG;
				SWIFT_OPTIMIZATION_LEVEL = "-Onone";
			};
			name = Debug;
		};
		66AE469825B355D800C6BDBE /* Release */ = {
			isa = XCBuildConfiguration;
			buildSettings = {
				ALWAYS_SEARCH_USER_PATHS = NO;
				CLANG_ANALYZER_NONNULL = YES;
				CLANG_ANALYZER_NUMBER_OBJECT_CONVERSION = YES_AGGRESSIVE;
				CLANG_CXX_LANGUAGE_STANDARD = "gnu++14";
				CLANG_CXX_LIBRARY = "libc++";
				CLANG_ENABLE_MODULES = YES;
				CLANG_ENABLE_OBJC_ARC = YES;
				CLANG_ENABLE_OBJC_WEAK = YES;
				CLANG_WARN_BLOCK_CAPTURE_AUTORELEASING = YES;
				CLANG_WARN_BOOL_CONVERSION = YES;
				CLANG_WARN_COMMA = YES;
				CLANG_WARN_CONSTANT_CONVERSION = YES;
				CLANG_WARN_DEPRECATED_OBJC_IMPLEMENTATIONS = YES;
				CLANG_WARN_DIRECT_OBJC_ISA_USAGE = YES_ERROR;
				CLANG_WARN_DOCUMENTATION_COMMENTS = YES;
				CLANG_WARN_EMPTY_BODY = YES;
				CLANG_WARN_ENUM_CONVERSION = YES;
				CLANG_WARN_INFINITE_RECURSION = YES;
				CLANG_WARN_INT_CONVERSION = YES;
				CLANG_WARN_NON_LITERAL_NULL_CONVERSION = YES;
				CLANG_WARN_OBJC_IMPLICIT_RETAIN_SELF = YES;
				CLANG_WARN_OBJC_LITERAL_CONVERSION = YES;
				CLANG_WARN_OBJC_ROOT_CLASS = YES_ERROR;
				CLANG_WARN_QUOTED_INCLUDE_IN_FRAMEWORK_HEADER = YES;
				CLANG_WARN_RANGE_LOOP_ANALYSIS = YES;
				CLANG_WARN_STRICT_PROTOTYPES = YES;
				CLANG_WARN_SUSPICIOUS_MOVE = YES;
				CLANG_WARN_UNGUARDED_AVAILABILITY = YES_AGGRESSIVE;
				CLANG_WARN_UNREACHABLE_CODE = YES;
				CLANG_WARN__DUPLICATE_METHOD_MATCH = YES;
				COPY_PHASE_STRIP = NO;
				DEBUG_INFORMATION_FORMAT = "dwarf-with-dsym";
				ENABLE_NS_ASSERTIONS = NO;
				ENABLE_STRICT_OBJC_MSGSEND = YES;
				GCC_C_LANGUAGE_STANDARD = gnu11;
				GCC_NO_COMMON_BLOCKS = YES;
				GCC_WARN_64_TO_32_BIT_CONVERSION = YES;
				GCC_WARN_ABOUT_RETURN_TYPE = YES_ERROR;
				GCC_WARN_UNDECLARED_SELECTOR = YES;
				GCC_WARN_UNINITIALIZED_AUTOS = YES_AGGRESSIVE;
				GCC_WARN_UNUSED_FUNCTION = YES;
				GCC_WARN_UNUSED_VARIABLE = YES;
				IPHONEOS_DEPLOYMENT_TARGET = 14.3;
				MTL_ENABLE_DEBUG_INFO = NO;
				MTL_FAST_MATH = YES;
				SDKROOT = iphoneos;
				SWIFT_COMPILATION_MODE = wholemodule;
				SWIFT_OPTIMIZATION_LEVEL = "-O";
				VALIDATE_PRODUCT = YES;
			};
			name = Release;
		};
		66AE469A25B355D800C6BDBE /* Debug */ = {
			isa = XCBuildConfiguration;
			buildSettings = {
				ASSETCATALOG_COMPILER_APPICON_NAME = AppIcon;
				ASSETCATALOG_COMPILER_GLOBAL_ACCENT_COLOR_NAME = AccentColor;
				CLANG_ENABLE_MODULES = YES;
				CODE_SIGN_STYLE = Automatic;
				DEVELOPMENT_TEAM = G226G5BWAV;
				INFOPLIST_FILE = GeekBrainsUILesson/Info.plist;
				LD_RUNPATH_SEARCH_PATHS = (
					"$(inherited)",
					"@executable_path/Frameworks",
				);
				PRODUCT_BUNDLE_IDENTIFIER = sitnikov.GeekBrainsUILesson;
				PRODUCT_NAME = "$(TARGET_NAME)";
				SWIFT_OBJC_BRIDGING_HEADER = "GeekBrainsUILesson/GeekBrainsUILesson-Bridging-Header.h";
				SWIFT_OPTIMIZATION_LEVEL = "-Onone";
				SWIFT_VERSION = 5.0;
				TARGETED_DEVICE_FAMILY = "1,2";
			};
			name = Debug;
		};
		66AE469B25B355D800C6BDBE /* Release */ = {
			isa = XCBuildConfiguration;
			buildSettings = {
				ASSETCATALOG_COMPILER_APPICON_NAME = AppIcon;
				ASSETCATALOG_COMPILER_GLOBAL_ACCENT_COLOR_NAME = AccentColor;
				CLANG_ENABLE_MODULES = YES;
				CODE_SIGN_STYLE = Automatic;
				DEVELOPMENT_TEAM = G226G5BWAV;
				INFOPLIST_FILE = GeekBrainsUILesson/Info.plist;
				LD_RUNPATH_SEARCH_PATHS = (
					"$(inherited)",
					"@executable_path/Frameworks",
				);
				PRODUCT_BUNDLE_IDENTIFIER = sitnikov.GeekBrainsUILesson;
				PRODUCT_NAME = "$(TARGET_NAME)";
				SWIFT_OBJC_BRIDGING_HEADER = "GeekBrainsUILesson/GeekBrainsUILesson-Bridging-Header.h";
				SWIFT_VERSION = 5.0;
				TARGETED_DEVICE_FAMILY = "1,2";
			};
			name = Release;
		};
/* End XCBuildConfiguration section */

/* Begin XCConfigurationList section */
		66AE468025B355D500C6BDBE /* Build configuration list for PBXProject "GeekBrainsUILesson" */ = {
			isa = XCConfigurationList;
			buildConfigurations = (
				66AE469725B355D800C6BDBE /* Debug */,
				66AE469825B355D800C6BDBE /* Release */,
			);
			defaultConfigurationIsVisible = 0;
			defaultConfigurationName = Release;
		};
		66AE469925B355D800C6BDBE /* Build configuration list for PBXNativeTarget "GeekBrainsUILesson" */ = {
			isa = XCConfigurationList;
			buildConfigurations = (
				66AE469A25B355D800C6BDBE /* Debug */,
				66AE469B25B355D800C6BDBE /* Release */,
			);
			defaultConfigurationIsVisible = 0;
			defaultConfigurationName = Release;
		};
/* End XCConfigurationList section */
	};
	rootObject = 66AE467D25B355D500C6BDBE /* Project object */;
}
